
Microsoft Visual Studio Solution File, Format Version 12.00
# Visual Studio Version 16
VisualStudioVersion = 16.0.30011.22
MinimumVisualStudioVersion = 10.0.40219.1
Project("{FAE04EC0-301F-11D3-BF4B-00C04F79EFBC}") = "b1dicmd", "b1dicmd.csproj", "{1BDCF2F9-80A8-4EF1-B221-F3853771FA23}"
EndProject
Global
	GlobalSection(SolutionConfigurationPlatforms) = preSolution
		Debug|Any CPU = Debug|Any CPU
		Release|Any CPU = Release|Any CPU
	EndGlobalSection
	GlobalSection(ProjectConfigurationPlatforms) = postSolution
		{1BDCF2F9-80A8-4EF1-B221-F3853771FA23}.Debug|Any CPU.ActiveCfg = Debug|Any CPU
		{1BDCF2F9-80A8-4EF1-B221-F3853771FA23}.Debug|Any CPU.Build.0 = Debug|Any CPU
		{1BDCF2F9-80A8-4EF1-B221-F3853771FA23}.Release|Any CPU.ActiveCfg = Release|Any CPU
		{1BDCF2F9-80A8-4EF1-B221-F3853771FA23}.Release|Any CPU.Build.0 = Release|Any CPU
	EndGlobalSection
	GlobalSection(SolutionProperties) = preSolution
		HideSolutionNode = FALSE
	EndGlobalSection
	GlobalSection(ExtensibilityGlobals) = postSolution
		SolutionGuid = {680E38BA-EA3A-4280-843B-AE0FCB8FC586}
	EndGlobalSection
EndGlobal
